
Microsoft Visual Studio Solution File, Format Version 12.00
# Visual Studio Version 17
VisualStudioVersion = 17.12.35707.178
MinimumVisualStudioVersion = 10.0.40219.1
Project("{FAE04EC0-301F-11D3-BF4B-00C04F79EFBC}") = "PeopleApi", "PeopleApi\PeopleApi.csproj", "{2458D4FB-A7CE-4DAF-BBF8-8F9D4A5B98A8}"
EndProject
Project("{FAE04EC0-301F-11D3-BF4B-00C04F79EFBC}") = "PostApi", "PostApi\PostApi.csproj", "{936FE36E-A1A5-446B-A1C9-9D8F270589FD}"
EndProject
Project("{FAE04EC0-301F-11D3-BF4B-00C04F79EFBC}") = "Front", "Front\Front.csproj", "{F33D5776-7087-4AC6-B48B-81E1F84B6CD4}"
EndProject
Project("{E53339B2-1760-4266-BCC7-CA923CBCF16C}") = "docker-compose", "docker-compose.dcproj", "{6E024D13-C900-4B77-897E-4E44E60CD5F0}"
EndProject
Project("{FAE04EC0-301F-11D3-BF4B-00C04F79EFBC}") = "IdentityApi", "IdentityApi\IdentityApi.csproj", "{5201D581-D2FD-49A5-A456-7ED85788EC05}"
EndProject
Global
	GlobalSection(SolutionConfigurationPlatforms) = preSolution
		Debug|Any CPU = Debug|Any CPU
		Release|Any CPU = Release|Any CPU
	EndGlobalSection
	GlobalSection(ProjectConfigurationPlatforms) = postSolution
		{2458D4FB-A7CE-4DAF-BBF8-8F9D4A5B98A8}.Debug|Any CPU.ActiveCfg = Debug|Any CPU
		{2458D4FB-A7CE-4DAF-BBF8-8F9D4A5B98A8}.Debug|Any CPU.Build.0 = Debug|Any CPU
		{2458D4FB-A7CE-4DAF-BBF8-8F9D4A5B98A8}.Release|Any CPU.ActiveCfg = Release|Any CPU
		{2458D4FB-A7CE-4DAF-BBF8-8F9D4A5B98A8}.Release|Any CPU.Build.0 = Release|Any CPU
		{936FE36E-A1A5-446B-A1C9-9D8F270589FD}.Debug|Any CPU.ActiveCfg = Debug|Any CPU
		{936FE36E-A1A5-446B-A1C9-9D8F270589FD}.Debug|Any CPU.Build.0 = Debug|Any CPU
		{936FE36E-A1A5-446B-A1C9-9D8F270589FD}.Release|Any CPU.ActiveCfg = Release|Any CPU
		{936FE36E-A1A5-446B-A1C9-9D8F270589FD}.Release|Any CPU.Build.0 = Release|Any CPU
		{F33D5776-7087-4AC6-B48B-81E1F84B6CD4}.Debug|Any CPU.ActiveCfg = Debug|Any CPU
		{F33D5776-7087-4AC6-B48B-81E1F84B6CD4}.Debug|Any CPU.Build.0 = Debug|Any CPU
		{F33D5776-7087-4AC6-B48B-81E1F84B6CD4}.Release|Any CPU.ActiveCfg = Release|Any CPU
		{F33D5776-7087-4AC6-B48B-81E1F84B6CD4}.Release|Any CPU.Build.0 = Release|Any CPU
		{6E024D13-C900-4B77-897E-4E44E60CD5F0}.Debug|Any CPU.ActiveCfg = Debug|Any CPU
		{6E024D13-C900-4B77-897E-4E44E60CD5F0}.Debug|Any CPU.Build.0 = Debug|Any CPU
		{6E024D13-C900-4B77-897E-4E44E60CD5F0}.Release|Any CPU.ActiveCfg = Release|Any CPU
		{6E024D13-C900-4B77-897E-4E44E60CD5F0}.Release|Any CPU.Build.0 = Release|Any CPU
		{5201D581-D2FD-49A5-A456-7ED85788EC05}.Debug|Any CPU.ActiveCfg = Debug|Any CPU
		{5201D581-D2FD-49A5-A456-7ED85788EC05}.Debug|Any CPU.Build.0 = Debug|Any CPU
		{5201D581-D2FD-49A5-A456-7ED85788EC05}.Release|Any CPU.ActiveCfg = Release|Any CPU
		{5201D581-D2FD-49A5-A456-7ED85788EC05}.Release|Any CPU.Build.0 = Release|Any CPU
	EndGlobalSection
	GlobalSection(SolutionProperties) = preSolution
		HideSolutionNode = FALSE
	EndGlobalSection
EndGlobal
